{
  "name": "ai-coding-workflow",
  "version": "1.0.0",
  "lockfileVersion": 3,
  "requires": true,
  "packages": {
    "": {
      "name": "ai-coding-workflow",
      "version": "1.0.0",
      "dependencies": {
        "@cucumber/gherkin": "42.0.1",
        "@cucumber/messages": "34.2.1",
        "yaml": "2.9.1"
      },
      "engines": {
        "node": ">=22"
      }
    },
    "node_modules/@cucumber/gherkin": {
      "version": "42.0.1",
      "resolved": "https://registry.npmjs.org/@cucumber/gherkin/-/gherkin-42.0.1.tgz",
      "integrity": "sha512-Kqg0ULhWqbXp/a1c04ND4sS4KTlIL831tQ0NhZLXWdEhT6LiNsZ5LFRzy/lBy7QQpcKhroKp/i3C2WdEnRBKNg==",
      "license": "MIT",
      "dependencies": {
        "@cucumber/messages": ">=34.0.0 <35"
      }
    },
    "node_modules/@cucumber/messages": {
      "version": "34.2.1",
      "resolved": "https://registry.npmjs.org/@cucumber/messages/-/messages-34.2.1.tgz",
      "integrity": "sha512-aj2iCAG9ZOpMVcMxcgShifv5fbR96b7SMgdWcPXXh2QbFp7OEcAnQ5MC5YfWUDSDasmw7FU5NJEsOrXdTQOU1A==",
      "license": "MIT"
    },
    "node_modules/yaml": {
      "version": "2.9.1",
      "resolved": "https://registry.npmjs.org/yaml/-/yaml-2.9.1.tgz",
      "integrity": "sha512-3NxN8+78OdzbT7C/WjGsyfPAtJaN3FNDsWxv7Y7mcDsT/oOmgW8BpyQQFFBnvZE3j9Y2Sdz1ULFLezL7Eb2yFw==",
      "license": "ISC",
      "bin": {
        "yaml": "bin.mjs"
      },
      "engines": {
        "node": ">= 14.6"
      },
      "funding": {
        "url": "https://github.com/sponsors/eemeli"
      }
    }
  }
}
